
Microsoft Visual Studio Solution File, Format Version 12.00
# Visual Studio Version 16
VisualStudioVersion = 16.0.32413.511
MinimumVisualStudioVersion = 10.0.40219.1
Project("{FAE04EC0-301F-11D3-BF4B-00C04F79EFBC}") = "PorraGironaOfficial", "PorraGironaOfficial\PorraGironaOfficial.csproj", "{DB50F453-54E2-4D13-93D7-2E6AB1A9DED4}"
EndProject
Global
	GlobalSection(SolutionConfigurationPlatforms) = preSolution
		Debug|Any CPU = Debug|Any CPU
		Release|Any CPU = Release|Any CPU
	EndGlobalSection
	GlobalSection(ProjectConfigurationPlatforms) = postSolution
		{DB50F453-54E2-4D13-93D7-2E6AB1A9DED4}.Debug|Any CPU.ActiveCfg = Debug|Any CPU
		{DB50F453-54E2-4D13-93D7-2E6AB1A9DED4}.Debug|Any CPU.Build.0 = Debug|Any CPU
		{DB50F453-54E2-4D13-93D7-2E6AB1A9DED4}.Release|Any CPU.ActiveCfg = Release|Any CPU
		{DB50F453-54E2-4D13-93D7-2E6AB1A9DED4}.Release|Any CPU.Build.0 = Release|Any CPU
	EndGlobalSection
	GlobalSection(SolutionProperties) = preSolution
		HideSolutionNode = FALSE
	EndGlobalSection
	GlobalSection(ExtensibilityGlobals) = postSolution
		SolutionGuid = {9F89C9D8-A6A9-48C1-9359-7DB3A2978A46}
	EndGlobalSection
EndGlobal
